<?xml version="1.0" encoding="utf-8"?>
<Project ToolsVersion="4.0" xmlns="http://schemas.microsoft.com/developer/msbuild/2003">
  <ItemGroup>
    <Filter Include="소스 파일">
      <UniqueIdentifier>{4FC737F1-C7A5-4376-A066-2A32D752A2FF}</UniqueIdentifier>
      <Extensions>cpp;c;cc;cxx;def;odl;idl;hpj;bat;asm;asmx</Extensions>
    </Filter>
    <Filter Include="헤더 파일">
      <UniqueIdentifier>{93995380-89BD-4b04-88EB-625FBE52EBFB}</UniqueIdentifier>
      <Extensions>h;hh;hpp;hxx;hm;inl;inc;ipp;xsd</Extensions>
    </Filter>
    <Filter Include="리소스 파일">
      <UniqueIdentifier>{67DA6AB6-F800-4c08-8B7A-83BB121AAD01}</UniqueIdentifier>
      <Extensions>rc;ico;cur;bmp;dlg;rc2;rct;bin;rgs;gif;jpg;jpeg;jpe;resx;tiff;tif;png;wav;mfcribbon-ms</Extensions>
    </Filter>
    <Filter Include="transaction">
      <UniqueIdentifier>{eafcbf79-9685-4b34-aeb3-13692bb8da4a}</UniqueIdentifier>
    </Filter>
    <Filter Include="crypto700">
      <UniqueIdentifier>{3d157bb6-7a11-42eb-b0f9-d95db34f44ee}</UniqueIdentifier>
    </Filter>
    <Filter Include="transactionTrie">
      <UniqueIdentifier>{43244a73-10e9-4e1b-9718-fbe724efb224}</UniqueIdentifier>
    </Filter>
    <Filter Include="block">
      <UniqueIdentifier>{6efdc1e4-469d-49e3-87c4-bb730c3943e4}</UniqueIdentifier>
    </Filter>
  </ItemGroup>
  <ItemGroup>
    <ClInclude Include="stdafx.h">
      <Filter>헤더 파일</Filter>
    </ClInclude>
    <ClInclude Include="targetver.h">
      <Filter>헤더 파일</Filter>
    </ClInclude>
    <ClInclude Include="transactionBase.h">
      <Filter>transaction</Filter>
    </ClInclude>
    <ClInclude Include="TransactionUtility.h">
      <Filter>transaction</Filter>
    </ClInclude>
    <ClInclude Include="cryptopp700\3way.h">
      <Filter>crypto700</Filter>
    </ClInclude>
    <ClInclude Include="cryptopp700\adler32.h">
      <Filter>crypto700</Filter>
    </ClInclude>
    <ClInclude Include="cryptopp700\adv-simd.h">
      <Filter>crypto700</Filter>
    </ClInclude>
    <ClInclude Include="cryptopp700\aes.h">
      <Filter>crypto700</Filter>
    </ClInclude>
    <ClInclude Include="cryptopp700\algebra.h">
      <Filter>crypto700</Filter>
    </ClInclude>
    <ClInclude Include="cryptopp700\algparam.h">
      <Filter>crypto700</Filter>
    </ClInclude>
    <ClInclude Include="cryptopp700\arc4.h">
      <Filter>crypto700</Filter>
    </ClInclude>
    <ClInclude Include="cryptopp700\argnames.h">
      <Filter>crypto700</Filter>
    </ClInclude>
    <ClInclude Include="cryptopp700\aria.h">
      <Filter>crypto700</Filter>
    </ClInclude>
    <ClInclude Include="cryptopp700\asn.h">
      <Filter>crypto700</Filter>
    </ClInclude>
    <ClInclude Include="cryptopp700\authenc.h">
      <Filter>crypto700</Filter>
    </ClInclude>
    <ClInclude Include="cryptopp700\base32.h">
      <Filter>crypto700</Filter>
    </ClInclude>
    <ClInclude Include="cryptopp700\base64.h">
      <Filter>crypto700</Filter>
    </ClInclude>
    <ClInclude Include="cryptopp700\basecode.h">
      <Filter>crypto700</Filter>
    </ClInclude>
    <ClInclude Include="cryptopp700\bench.h">
      <Filter>crypto700</Filter>
    </ClInclude>
    <ClInclude Include="cryptopp700\blake2.h">
      <Filter>crypto700</Filter>
    </ClInclude>
    <ClInclude Include="cryptopp700\blowfish.h">
      <Filter>crypto700</Filter>
    </ClInclude>
    <ClInclude Include="cryptopp700\blumshub.h">
      <Filter>crypto700</Filter>
    </ClInclude>
    <ClInclude Include="cryptopp700\camellia.h">
      <Filter>crypto700</Filter>
    </ClInclude>
    <ClInclude Include="cryptopp700\cast.h">
      <Filter>crypto700</Filter>
    </ClInclude>
    <ClInclude Include="cryptopp700\cbcmac.h">
      <Filter>crypto700</Filter>
    </ClInclude>
    <ClInclude Include="cryptopp700\ccm.h">
      <Filter>crypto700</Filter>
    </ClInclude>
    <ClInclude Include="cryptopp700\chacha.h">
      <Filter>crypto700</Filter>
    </ClInclude>
    <ClInclude Include="cryptopp700\channels.h">
      <Filter>crypto700</Filter>
    </ClInclude>
    <ClInclude Include="cryptopp700\cmac.h">
      <Filter>crypto700</Filter>
    </ClInclude>
    <ClInclude Include="cryptopp700\config.h">
      <Filter>crypto700</Filter>
    </ClInclude>
    <ClInclude Include="cryptopp700\cpu.h">
      <Filter>crypto700</Filter>
    </ClInclude>
    <ClInclude Include="cryptopp700\crc.h">
      <Filter>crypto700</Filter>
    </ClInclude>
    <ClInclude Include="cryptopp700\cryptlib.h">
      <Filter>crypto700</Filter>
    </ClInclude>
    <ClInclude Include="cryptopp700\default.h">
      <Filter>crypto700</Filter>
    </ClInclude>
    <ClInclude Include="cryptopp700\des.h">
      <Filter>crypto700</Filter>
    </ClInclude>
    <ClInclude Include="cryptopp700\dh.h">
      <Filter>crypto700</Filter>
    </ClInclude>
    <ClInclude Include="cryptopp700\dh2.h">
      <Filter>crypto700</Filter>
    </ClInclude>
    <ClInclude Include="cryptopp700\dll.h">
      <Filter>crypto700</Filter>
    </ClInclude>
    <ClInclude Include="cryptopp700\dmac.h">
      <Filter>crypto700</Filter>
    </ClInclude>
    <ClInclude Include="cryptopp700\drbg.h">
      <Filter>crypto700</Filter>
    </ClInclude>
    <ClInclude Include="cryptopp700\dsa.h">
      <Filter>crypto700</Filter>
    </ClInclude>
    <ClInclude Include="cryptopp700\eax.h">
      <Filter>crypto700</Filter>
    </ClInclude>
    <ClInclude Include="cryptopp700\ec2n.h">
      <Filter>crypto700</Filter>
    </ClInclude>
    <ClInclude Include="cryptopp700\eccrypto.h">
      <Filter>crypto700</Filter>
    </ClInclude>
    <ClInclude Include="cryptopp700\ecp.h">
      <Filter>crypto700</Filter>
    </ClInclude>
    <ClInclude Include="cryptopp700\ecpoint.h">
      <Filter>crypto700</Filter>
    </ClInclude>
    <ClInclude Include="cryptopp700\elgamal.h">
      <Filter>crypto700</Filter>
    </ClInclude>
    <ClInclude Include="cryptopp700\emsa2.h">
      <Filter>crypto700</Filter>
    </ClInclude>
    <ClInclude Include="cryptopp700\eprecomp.h">
      <Filter>crypto700</Filter>
    </ClInclude>
    <ClInclude Include="cryptopp700\esign.h">
      <Filter>crypto700</Filter>
    </ClInclude>
    <ClInclude Include="cryptopp700\factory.h">
      <Filter>crypto700</Filter>
    </ClInclude>
    <ClInclude Include="cryptopp700\fhmqv.h">
      <Filter>crypto700</Filter>
    </ClInclude>
    <ClInclude Include="cryptopp700\files.h">
      <Filter>crypto700</Filter>
    </ClInclude>
    <ClInclude Include="cryptopp700\filters.h">
      <Filter>crypto700</Filter>
    </ClInclude>
    <ClInclude Include="cryptopp700\fips140.h">
      <Filter>crypto700</Filter>
    </ClInclude>
    <ClInclude Include="cryptopp700\fltrimpl.h">
      <Filter>crypto700</Filter>
    </ClInclude>
    <ClInclude Include="cryptopp700\gcm.h">
      <Filter>crypto700</Filter>
    </ClInclude>
    <ClInclude Include="cryptopp700\gf256.h">
      <Filter>crypto700</Filter>
    </ClInclude>
    <ClInclude Include="cryptopp700\gf2n.h">
      <Filter>crypto700</Filter>
    </ClInclude>
    <ClInclude Include="cryptopp700\gf2_32.h">
      <Filter>crypto700</Filter>
    </ClInclude>
    <ClInclude Include="cryptopp700\gfpcrypt.h">
      <Filter>crypto700</Filter>
    </ClInclude>
    <ClInclude Include="cryptopp700\gost.h">
      <Filter>crypto700</Filter>
    </ClInclude>
    <ClInclude Include="cryptopp700\gzip.h">
      <Filter>crypto700</Filter>
    </ClInclude>
    <ClInclude Include="cryptopp700\hashfwd.h">
      <Filter>crypto700</Filter>
    </ClInclude>
    <ClInclude Include="cryptopp700\hex.h">
      <Filter>crypto700</Filter>
    </ClInclude>
    <ClInclude Include="cryptopp700\hkdf.h">
      <Filter>crypto700</Filter>
    </ClInclude>
    <ClInclude Include="cryptopp700\hmac.h">
      <Filter>crypto700</Filter>
    </ClInclude>
    <ClInclude Include="cryptopp700\hmqv.h">
      <Filter>crypto700</Filter>
    </ClInclude>
    <ClInclude Include="cryptopp700\hrtimer.h">
      <Filter>crypto700</Filter>
    </ClInclude>
    <ClInclude Include="cryptopp700\ida.h">
      <Filter>crypto700</Filter>
    </ClInclude>
    <ClInclude Include="cryptopp700\idea.h">
      <Filter>crypto700</Filter>
    </ClInclude>
    <ClInclude Include="cryptopp700\integer.h">
      <Filter>crypto700</Filter>
    </ClInclude>
    <ClInclude Include="cryptopp700\iterhash.h">
      <Filter>crypto700</Filter>
    </ClInclude>
    <ClInclude Include="cryptopp700\kalyna.h">
      <Filter>crypto700</Filter>
    </ClInclude>
    <ClInclude Include="cryptopp700\keccak.h">
      <Filter>crypto700</Filter>
    </ClInclude>
    <ClInclude Include="cryptopp700\lubyrack.h">
      <Filter>crypto700</Filter>
    </ClInclude>
    <ClInclude Include="cryptopp700\luc.h">
      <Filter>crypto700</Filter>
    </ClInclude>
    <ClInclude Include="cryptopp700\mars.h">
      <Filter>crypto700</Filter>
    </ClInclude>
    <ClInclude Include="cryptopp700\md2.h">
      <Filter>crypto700</Filter>
    </ClInclude>
    <ClInclude Include="cryptopp700\md4.h">
      <Filter>crypto700</Filter>
    </ClInclude>
    <ClInclude Include="cryptopp700\md5.h">
      <Filter>crypto700</Filter>
    </ClInclude>
    <ClInclude Include="cryptopp700\mdc.h">
      <Filter>crypto700</Filter>
    </ClInclude>
    <ClInclude Include="cryptopp700\mersenne.h">
      <Filter>crypto700</Filter>
    </ClInclude>
    <ClInclude Include="cryptopp700\misc.h">
      <Filter>crypto700</Filter>
    </ClInclude>
    <ClInclude Include="cryptopp700\modarith.h">
      <Filter>crypto700</Filter>
    </ClInclude>
    <ClInclude Include="cryptopp700\modes.h">
      <Filter>crypto700</Filter>
    </ClInclude>
    <ClInclude Include="cryptopp700\modexppc.h">
      <Filter>crypto700</Filter>
    </ClInclude>
    <ClInclude Include="cryptopp700\mqueue.h">
      <Filter>crypto700</Filter>
    </ClInclude>
    <ClInclude Include="cryptopp700\mqv.h">
      <Filter>crypto700</Filter>
    </ClInclude>
    <ClInclude Include="cryptopp700\naclite.h">
      <Filter>crypto700</Filter>
    </ClInclude>
    <ClInclude Include="cryptopp700\nbtheory.h">
      <Filter>crypto700</Filter>
    </ClInclude>
    <ClInclude Include="cryptopp700\network.h">
      <Filter>crypto700</Filter>
    </ClInclude>
    <ClInclude Include="cryptopp700\nr.h">
      <Filter>crypto700</Filter>
    </ClInclude>
    <ClInclude Include="cryptopp700\oaep.h">
      <Filter>crypto700</Filter>
    </ClInclude>
    <ClInclude Include="cryptopp700\oids.h">
      <Filter>crypto700</Filter>
    </ClInclude>
    <ClInclude Include="cryptopp700\osrng.h">
      <Filter>crypto700</Filter>
    </ClInclude>
    <ClInclude Include="cryptopp700\ossig.h">
      <Filter>crypto700</Filter>
    </ClInclude>
    <ClInclude Include="cryptopp700\padlkrng.h">
      <Filter>crypto700</Filter>
    </ClInclude>
    <ClInclude Include="cryptopp700\panama.h">
      <Filter>crypto700</Filter>
    </ClInclude>
    <ClInclude Include="cryptopp700\pch.h">
      <Filter>crypto700</Filter>
    </ClInclude>
    <ClInclude Include="cryptopp700\pkcspad.h">
      <Filter>crypto700</Filter>
    </ClInclude>
    <ClInclude Include="cryptopp700\poly1305.h">
      <Filter>crypto700</Filter>
    </ClInclude>
    <ClInclude Include="cryptopp700\polynomi.h">
      <Filter>crypto700</Filter>
    </ClInclude>
    <ClInclude Include="cryptopp700\ppc-simd.h">
      <Filter>crypto700</Filter>
    </ClInclude>
    <ClInclude Include="cryptopp700\pssr.h">
      <Filter>crypto700</Filter>
    </ClInclude>
    <ClInclude Include="cryptopp700\pubkey.h">
      <Filter>crypto700</Filter>
    </ClInclude>
    <ClInclude Include="cryptopp700\pwdbased.h">
      <Filter>crypto700</Filter>
    </ClInclude>
    <ClInclude Include="cryptopp700\queue.h">
      <Filter>crypto700</Filter>
    </ClInclude>
    <ClInclude Include="cryptopp700\rabin.h">
      <Filter>crypto700</Filter>
    </ClInclude>
    <ClInclude Include="cryptopp700\randpool.h">
      <Filter>crypto700</Filter>
    </ClInclude>
    <ClInclude Include="cryptopp700\rc2.h">
      <Filter>crypto700</Filter>
    </ClInclude>
    <ClInclude Include="cryptopp700\rc5.h">
      <Filter>crypto700</Filter>
    </ClInclude>
    <ClInclude Include="cryptopp700\rc6.h">
      <Filter>crypto700</Filter>
    </ClInclude>
    <ClInclude Include="cryptopp700\rdrand.h">
      <Filter>crypto700</Filter>
    </ClInclude>
    <ClInclude Include="cryptopp700\resource.h">
      <Filter>crypto700</Filter>
    </ClInclude>
    <ClInclude Include="cryptopp700\rijndael.h">
      <Filter>crypto700</Filter>
    </ClInclude>
    <ClInclude Include="cryptopp700\ripemd.h">
      <Filter>crypto700</Filter>
    </ClInclude>
    <ClInclude Include="cryptopp700\rng.h">
      <Filter>crypto700</Filter>
    </ClInclude>
    <ClInclude Include="cryptopp700\rsa.h">
      <Filter>crypto700</Filter>
    </ClInclude>
    <ClInclude Include="cryptopp700\rw.h">
      <Filter>crypto700</Filter>
    </ClInclude>
    <ClInclude Include="cryptopp700\safer.h">
      <Filter>crypto700</Filter>
    </ClInclude>
    <ClInclude Include="cryptopp700\salsa.h">
      <Filter>crypto700</Filter>
    </ClInclude>
    <ClInclude Include="cryptopp700\scrypt.h">
      <Filter>crypto700</Filter>
    </ClInclude>
    <ClInclude Include="cryptopp700\seal.h">
      <Filter>crypto700</Filter>
    </ClInclude>
    <ClInclude Include="cryptopp700\secblock.h">
      <Filter>crypto700</Filter>
    </ClInclude>
    <ClInclude Include="cryptopp700\seckey.h">
      <Filter>crypto700</Filter>
    </ClInclude>
    <ClInclude Include="cryptopp700\seed.h">
      <Filter>crypto700</Filter>
    </ClInclude>
    <ClInclude Include="cryptopp700\serpent.h">
      <Filter>crypto700</Filter>
    </ClInclude>
    <ClInclude Include="cryptopp700\serpentp.h">
      <Filter>crypto700</Filter>
    </ClInclude>
    <ClInclude Include="cryptopp700\sha.h">
      <Filter>crypto700</Filter>
    </ClInclude>
    <ClInclude Include="cryptopp700\sha3.h">
      <Filter>crypto700</Filter>
    </ClInclude>
    <ClInclude Include="cryptopp700\shacal2.h">
      <Filter>crypto700</Filter>
    </ClInclude>
    <ClInclude Include="cryptopp700\shark.h">
      <Filter>crypto700</Filter>
    </ClInclude>
    <ClInclude Include="cryptopp700\simon.h">
      <Filter>crypto700</Filter>
    </ClInclude>
    <ClInclude Include="cryptopp700\simple.h">
      <Filter>crypto700</Filter>
    </ClInclude>
    <ClInclude Include="cryptopp700\siphash.h">
      <Filter>crypto700</Filter>
    </ClInclude>
    <ClInclude Include="cryptopp700\skipjack.h">
      <Filter>crypto700</Filter>
    </ClInclude>
    <ClInclude Include="cryptopp700\sm3.h">
      <Filter>crypto700</Filter>
    </ClInclude>
    <ClInclude Include="cryptopp700\sm4.h">
      <Filter>crypto700</Filter>
    </ClInclude>
    <ClInclude Include="cryptopp700\smartptr.h">
      <Filter>crypto700</Filter>
    </ClInclude>
    <ClInclude Include="cryptopp700\socketft.h">
      <Filter>crypto700</Filter>
    </ClInclude>
    <ClInclude Include="cryptopp700\sosemanuk.h">
      <Filter>crypto700</Filter>
    </ClInclude>
    <ClInclude Include="cryptopp700\speck.h">
      <Filter>crypto700</Filter>
    </ClInclude>
    <ClInclude Include="cryptopp700\square.h">
      <Filter>crypto700</Filter>
    </ClInclude>
    <ClInclude Include="cryptopp700\stdcpp.h">
      <Filter>crypto700</Filter>
    </ClInclude>
    <ClInclude Include="cryptopp700\strciphr.h">
      <Filter>crypto700</Filter>
    </ClInclude>
    <ClInclude Include="cryptopp700\tea.h">
      <Filter>crypto700</Filter>
    </ClInclude>
    <ClInclude Include="cryptopp700\threefish.h">
      <Filter>crypto700</Filter>
    </ClInclude>
    <ClInclude Include="cryptopp700\tiger.h">
      <Filter>crypto700</Filter>
    </ClInclude>
    <ClInclude Include="cryptopp700\trap.h">
      <Filter>crypto700</Filter>
    </ClInclude>
    <ClInclude Include="cryptopp700\trdlocal.h">
      <Filter>crypto700</Filter>
    </ClInclude>
    <ClInclude Include="cryptopp700\trunhash.h">
      <Filter>crypto700</Filter>
    </ClInclude>
    <ClInclude Include="cryptopp700\ttmac.h">
      <Filter>crypto700</Filter>
    </ClInclude>
    <ClInclude Include="cryptopp700\tweetnacl.h">
      <Filter>crypto700</Filter>
    </ClInclude>
    <ClInclude Include="cryptopp700\twofish.h">
      <Filter>crypto700</Filter>
    </ClInclude>
    <ClInclude Include="cryptopp700\validate.h">
      <Filter>crypto700</Filter>
    </ClInclude>
    <ClInclude Include="cryptopp700\vmac.h">
      <Filter>crypto700</Filter>
    </ClInclude>
    <ClInclude Include="cryptopp700\wait.h">
      <Filter>crypto700</Filter>
    </ClInclude>
    <ClInclude Include="cryptopp700\wake.h">
      <Filter>crypto700</Filter>
    </ClInclude>
    <ClInclude Include="cryptopp700\whrlpool.h">
      <Filter>crypto700</Filter>
    </ClInclude>
    <ClInclude Include="cryptopp700\winpipes.h">
      <Filter>crypto700</Filter>
    </ClInclude>
    <ClInclude Include="cryptopp700\words.h">
      <Filter>crypto700</Filter>
    </ClInclude>
    <ClInclude Include="cryptopp700\xtr.h">
      <Filter>crypto700</Filter>
    </ClInclude>
    <ClInclude Include="cryptopp700\xtrcrypt.h">
      <Filter>crypto700</Filter>
    </ClInclude>
    <ClInclude Include="cryptopp700\zdeflate.h">
      <Filter>crypto700</Filter>
    </ClInclude>
    <ClInclude Include="cryptopp700\zinflate.h">
      <Filter>crypto700</Filter>
    </ClInclude>
    <ClInclude Include="cryptopp700\zlib.h">
      <Filter>crypto700</Filter>
    </ClInclude>
    <ClInclude Include="merkleTree.h">
      <Filter>transactionTrie</Filter>
    </ClInclude>
    <ClInclude Include="transactionList.h">
      <Filter>block</Filter>
    </ClInclude>
    <ClInclude Include="block.h">
      <Filter>block</Filter>
    </ClInclude>
    <ClInclude Include="Node.h">
      <Filter>헤더 파일</Filter>
    </ClInclude>
    <ClInclude Include="Blockheader.h">
      <Filter>block</Filter>
    </ClInclude>
  </ItemGroup>
  <ItemGroup>
    <ClCompile Include="stdafx.cpp">
      <Filter>소스 파일</Filter>
    </ClCompile>
    <ClCompile Include="blockchain.cpp">
      <Filter>소스 파일</Filter>
    </ClCompile>
    <ClCompile Include="transactionBase.cpp">
      <Filter>transaction</Filter>
    </ClCompile>
    <ClCompile Include="TransactionUtility.cpp">
      <Filter>transaction</Filter>
    </ClCompile>
    <ClCompile Include="cryptopp700\3way.cpp">
      <Filter>crypto700</Filter>
    </ClCompile>
    <ClCompile Include="cryptopp700\adler32.cpp">
      <Filter>crypto700</Filter>
    </ClCompile>
    <ClCompile Include="cryptopp700\algebra.cpp">
      <Filter>crypto700</Filter>
    </ClCompile>
    <ClCompile Include="cryptopp700\algparam.cpp">
      <Filter>crypto700</Filter>
    </ClCompile>
    <ClCompile Include="cryptopp700\arc4.cpp">
      <Filter>crypto700</Filter>
    </ClCompile>
    <ClCompile Include="cryptopp700\aria-simd.cpp">
      <Filter>crypto700</Filter>
    </ClCompile>
    <ClCompile Include="cryptopp700\aria.cpp">
      <Filter>crypto700</Filter>
    </ClCompile>
    <ClCompile Include="cryptopp700\ariatab.cpp">
      <Filter>crypto700</Filter>
    </ClCompile>
    <ClCompile Include="cryptopp700\asn.cpp">
      <Filter>crypto700</Filter>
    </ClCompile>
    <ClCompile Include="cryptopp700\authenc.cpp">
      <Filter>crypto700</Filter>
    </ClCompile>
    <ClCompile Include="cryptopp700\base32.cpp">
      <Filter>crypto700</Filter>
    </ClCompile>
    <ClCompile Include="cryptopp700\base64.cpp">
      <Filter>crypto700</Filter>
    </ClCompile>
    <ClCompile Include="cryptopp700\basecode.cpp">
      <Filter>crypto700</Filter>
    </ClCompile>
    <ClCompile Include="cryptopp700\bench1.cpp">
      <Filter>crypto700</Filter>
    </ClCompile>
    <ClCompile Include="cryptopp700\bench2.cpp">
      <Filter>crypto700</Filter>
    </ClCompile>
    <ClCompile Include="cryptopp700\bfinit.cpp">
      <Filter>crypto700</Filter>
    </ClCompile>
    <ClCompile Include="cryptopp700\blake2-simd.cpp">
      <Filter>crypto700</Filter>
    </ClCompile>
    <ClCompile Include="cryptopp700\blake2.cpp">
      <Filter>crypto700</Filter>
    </ClCompile>
    <ClCompile Include="cryptopp700\blowfish.cpp">
      <Filter>crypto700</Filter>
    </ClCompile>
    <ClCompile Include="cryptopp700\blumshub.cpp">
      <Filter>crypto700</Filter>
    </ClCompile>
    <ClCompile Include="cryptopp700\camellia.cpp">
      <Filter>crypto700</Filter>
    </ClCompile>
    <ClCompile Include="cryptopp700\cast.cpp">
      <Filter>crypto700</Filter>
    </ClCompile>
    <ClCompile Include="cryptopp700\casts.cpp">
      <Filter>crypto700</Filter>
    </ClCompile>
    <ClCompile Include="cryptopp700\cbcmac.cpp">
      <Filter>crypto700</Filter>
    </ClCompile>
    <ClCompile Include="cryptopp700\ccm.cpp">
      <Filter>crypto700</Filter>
    </ClCompile>
    <ClCompile Include="cryptopp700\chacha.cpp">
      <Filter>crypto700</Filter>
    </ClCompile>
    <ClCompile Include="cryptopp700\channels.cpp">
      <Filter>crypto700</Filter>
    </ClCompile>
    <ClCompile Include="cryptopp700\cmac.cpp">
      <Filter>crypto700</Filter>
    </ClCompile>
    <ClCompile Include="cryptopp700\cpu.cpp">
      <Filter>crypto700</Filter>
    </ClCompile>
    <ClCompile Include="cryptopp700\crc-simd.cpp">
      <Filter>crypto700</Filter>
    </ClCompile>
    <ClCompile Include="cryptopp700\crc.cpp">
      <Filter>crypto700</Filter>
    </ClCompile>
    <ClCompile Include="cryptopp700\cryptlib.cpp">
      <Filter>crypto700</Filter>
    </ClCompile>
    <ClCompile Include="cryptopp700\datatest.cpp">
      <Filter>crypto700</Filter>
    </ClCompile>
    <ClCompile Include="cryptopp700\default.cpp">
      <Filter>crypto700</Filter>
    </ClCompile>
    <ClCompile Include="cryptopp700\des.cpp">
      <Filter>crypto700</Filter>
    </ClCompile>
    <ClCompile Include="cryptopp700\dessp.cpp">
      <Filter>crypto700</Filter>
    </ClCompile>
    <ClCompile Include="cryptopp700\dh.cpp">
      <Filter>crypto700</Filter>
    </ClCompile>
    <ClCompile Include="cryptopp700\dh2.cpp">
      <Filter>crypto700</Filter>
    </ClCompile>
    <ClCompile Include="cryptopp700\dll.cpp">
      <Filter>crypto700</Filter>
    </ClCompile>
    <ClCompile Include="cryptopp700\dlltest.cpp">
      <Filter>crypto700</Filter>
    </ClCompile>
    <ClCompile Include="cryptopp700\dsa.cpp">
      <Filter>crypto700</Filter>
    </ClCompile>
    <ClCompile Include="cryptopp700\eax.cpp">
      <Filter>crypto700</Filter>
    </ClCompile>
    <ClCompile Include="cryptopp700\ec2n.cpp">
      <Filter>crypto700</Filter>
    </ClCompile>
    <ClCompile Include="cryptopp700\eccrypto.cpp">
      <Filter>crypto700</Filter>
    </ClCompile>
    <ClCompile Include="cryptopp700\ecp.cpp">
      <Filter>crypto700</Filter>
    </ClCompile>
    <ClCompile Include="cryptopp700\elgamal.cpp">
      <Filter>crypto700</Filter>
    </ClCompile>
    <ClCompile Include="cryptopp700\emsa2.cpp">
      <Filter>crypto700</Filter>
    </ClCompile>
    <ClCompile Include="cryptopp700\eprecomp.cpp">
      <Filter>crypto700</Filter>
    </ClCompile>
    <ClCompile Include="cryptopp700\esign.cpp">
      <Filter>crypto700</Filter>
    </ClCompile>
    <ClCompile Include="cryptopp700\files.cpp">
      <Filter>crypto700</Filter>
    </ClCompile>
    <ClCompile Include="cryptopp700\filters.cpp">
      <Filter>crypto700</Filter>
    </ClCompile>
    <ClCompile Include="cryptopp700\fips140.cpp">
      <Filter>crypto700</Filter>
    </ClCompile>
    <ClCompile Include="cryptopp700\fipsalgt.cpp">
      <Filter>crypto700</Filter>
    </ClCompile>
    <ClCompile Include="cryptopp700\fipstest.cpp">
      <Filter>crypto700</Filter>
    </ClCompile>
    <ClCompile Include="cryptopp700\gcm-simd.cpp">
      <Filter>crypto700</Filter>
    </ClCompile>
    <ClCompile Include="cryptopp700\gcm.cpp">
      <Filter>crypto700</Filter>
    </ClCompile>
    <ClCompile Include="cryptopp700\gf256.cpp">
      <Filter>crypto700</Filter>
    </ClCompile>
    <ClCompile Include="cryptopp700\gf2n.cpp">
      <Filter>crypto700</Filter>
    </ClCompile>
    <ClCompile Include="cryptopp700\gf2_32.cpp">
      <Filter>crypto700</Filter>
    </ClCompile>
    <ClCompile Include="cryptopp700\gfpcrypt.cpp">
      <Filter>crypto700</Filter>
    </ClCompile>
    <ClCompile Include="cryptopp700\gost.cpp">
      <Filter>crypto700</Filter>
    </ClCompile>
    <ClCompile Include="cryptopp700\gzip.cpp">
      <Filter>crypto700</Filter>
    </ClCompile>
    <ClCompile Include="cryptopp700\hex.cpp">
      <Filter>crypto700</Filter>
    </ClCompile>
    <ClCompile Include="cryptopp700\hmac.cpp">
      <Filter>crypto700</Filter>
    </ClCompile>
    <ClCompile Include="cryptopp700\hrtimer.cpp">
      <Filter>crypto700</Filter>
    </ClCompile>
    <ClCompile Include="cryptopp700\ida.cpp">
      <Filter>crypto700</Filter>
    </ClCompile>
    <ClCompile Include="cryptopp700\idea.cpp">
      <Filter>crypto700</Filter>
    </ClCompile>
    <ClCompile Include="cryptopp700\integer.cpp">
      <Filter>crypto700</Filter>
    </ClCompile>
    <ClCompile Include="cryptopp700\iterhash.cpp">
      <Filter>crypto700</Filter>
    </ClCompile>
    <ClCompile Include="cryptopp700\kalyna.cpp">
      <Filter>crypto700</Filter>
    </ClCompile>
    <ClCompile Include="cryptopp700\kalynatab.cpp">
      <Filter>crypto700</Filter>
    </ClCompile>
    <ClCompile Include="cryptopp700\keccak.cpp">
      <Filter>crypto700</Filter>
    </ClCompile>
    <ClCompile Include="cryptopp700\luc.cpp">
      <Filter>crypto700</Filter>
    </ClCompile>
    <ClCompile Include="cryptopp700\mars.cpp">
      <Filter>crypto700</Filter>
    </ClCompile>
    <ClCompile Include="cryptopp700\marss.cpp">
      <Filter>crypto700</Filter>
    </ClCompile>
    <ClCompile Include="cryptopp700\md2.cpp">
      <Filter>crypto700</Filter>
    </ClCompile>
    <ClCompile Include="cryptopp700\md4.cpp">
      <Filter>crypto700</Filter>
    </ClCompile>
    <ClCompile Include="cryptopp700\md5.cpp">
      <Filter>crypto700</Filter>
    </ClCompile>
    <ClCompile Include="cryptopp700\misc.cpp">
      <Filter>crypto700</Filter>
    </ClCompile>
    <ClCompile Include="cryptopp700\modes.cpp">
      <Filter>crypto700</Filter>
    </ClCompile>
    <ClCompile Include="cryptopp700\mqueue.cpp">
      <Filter>crypto700</Filter>
    </ClCompile>
    <ClCompile Include="cryptopp700\mqv.cpp">
      <Filter>crypto700</Filter>
    </ClCompile>
    <ClCompile Include="cryptopp700\nbtheory.cpp">
      <Filter>crypto700</Filter>
    </ClCompile>
    <ClCompile Include="cryptopp700\neon-simd.cpp">
      <Filter>crypto700</Filter>
    </ClCompile>
    <ClCompile Include="cryptopp700\network.cpp">
      <Filter>crypto700</Filter>
    </ClCompile>
    <ClCompile Include="cryptopp700\oaep.cpp">
      <Filter>crypto700</Filter>
    </ClCompile>
    <ClCompile Include="cryptopp700\osrng.cpp">
      <Filter>crypto700</Filter>
    </ClCompile>
    <ClCompile Include="cryptopp700\padlkrng.cpp">
      <Filter>crypto700</Filter>
    </ClCompile>
    <ClCompile Include="cryptopp700\panama.cpp">
      <Filter>crypto700</Filter>
    </ClCompile>
    <ClCompile Include="cryptopp700\pch.cpp">
      <Filter>crypto700</Filter>
    </ClCompile>
    <ClCompile Include="cryptopp700\pkcspad.cpp">
      <Filter>crypto700</Filter>
    </ClCompile>
    <ClCompile Include="cryptopp700\poly1305.cpp">
      <Filter>crypto700</Filter>
    </ClCompile>
    <ClCompile Include="cryptopp700\polynomi.cpp">
      <Filter>crypto700</Filter>
    </ClCompile>
    <ClCompile Include="cryptopp700\ppc-simd.cpp">
      <Filter>crypto700</Filter>
    </ClCompile>
    <ClCompile Include="cryptopp700\pssr.cpp">
      <Filter>crypto700</Filter>
    </ClCompile>
    <ClCompile Include="cryptopp700\pubkey.cpp">
      <Filter>crypto700</Filter>
    </ClCompile>
    <ClCompile Include="cryptopp700\queue.cpp">
      <Filter>crypto700</Filter>
    </ClCompile>
    <ClCompile Include="cryptopp700\rabin.cpp">
      <Filter>crypto700</Filter>
    </ClCompile>
    <ClCompile Include="cryptopp700\randpool.cpp">
      <Filter>crypto700</Filter>
    </ClCompile>
    <ClCompile Include="cryptopp700\rc2.cpp">
      <Filter>crypto700</Filter>
    </ClCompile>
    <ClCompile Include="cryptopp700\rc5.cpp">
      <Filter>crypto700</Filter>
    </ClCompile>
    <ClCompile Include="cryptopp700\rc6.cpp">
      <Filter>crypto700</Filter>
    </ClCompile>
    <ClCompile Include="cryptopp700\rdrand.cpp">
      <Filter>crypto700</Filter>
    </ClCompile>
    <ClCompile Include="cryptopp700\rdtables.cpp">
      <Filter>crypto700</Filter>
    </ClCompile>
    <ClCompile Include="cryptopp700\regtest1.cpp">
      <Filter>crypto700</Filter>
    </ClCompile>
    <ClCompile Include="cryptopp700\regtest2.cpp">
      <Filter>crypto700</Filter>
    </ClCompile>
    <ClCompile Include="cryptopp700\regtest3.cpp">
      <Filter>crypto700</Filter>
    </ClCompile>
    <ClCompile Include="cryptopp700\rijndael-simd.cpp">
      <Filter>crypto700</Filter>
    </ClCompile>
    <ClCompile Include="cryptopp700\rijndael.cpp">
      <Filter>crypto700</Filter>
    </ClCompile>
    <ClCompile Include="cryptopp700\ripemd.cpp">
      <Filter>crypto700</Filter>
    </ClCompile>
    <ClCompile Include="cryptopp700\rng.cpp">
      <Filter>crypto700</Filter>
    </ClCompile>
    <ClCompile Include="cryptopp700\rsa.cpp">
      <Filter>crypto700</Filter>
    </ClCompile>
    <ClCompile Include="cryptopp700\rw.cpp">
      <Filter>crypto700</Filter>
    </ClCompile>
    <ClCompile Include="cryptopp700\safer.cpp">
      <Filter>crypto700</Filter>
    </ClCompile>
    <ClCompile Include="cryptopp700\salsa.cpp">
      <Filter>crypto700</Filter>
    </ClCompile>
    <ClCompile Include="cryptopp700\scrypt.cpp">
      <Filter>crypto700</Filter>
    </ClCompile>
    <ClCompile Include="cryptopp700\seal.cpp">
      <Filter>crypto700</Filter>
    </ClCompile>
    <ClCompile Include="cryptopp700\seed.cpp">
      <Filter>crypto700</Filter>
    </ClCompile>
    <ClCompile Include="cryptopp700\serpent.cpp">
      <Filter>crypto700</Filter>
    </ClCompile>
    <ClCompile Include="cryptopp700\sha-simd.cpp">
      <Filter>crypto700</Filter>
    </ClCompile>
    <ClCompile Include="cryptopp700\sha.cpp">
      <Filter>crypto700</Filter>
    </ClCompile>
    <ClCompile Include="cryptopp700\sha3.cpp">
      <Filter>crypto700</Filter>
    </ClCompile>
    <ClCompile Include="cryptopp700\shacal2-simd.cpp">
      <Filter>crypto700</Filter>
    </ClCompile>
    <ClCompile Include="cryptopp700\shacal2.cpp">
      <Filter>crypto700</Filter>
    </ClCompile>
    <ClCompile Include="cryptopp700\shark.cpp">
      <Filter>crypto700</Filter>
    </ClCompile>
    <ClCompile Include="cryptopp700\sharkbox.cpp">
      <Filter>crypto700</Filter>
    </ClCompile>
    <ClCompile Include="cryptopp700\simon-simd.cpp">
      <Filter>crypto700</Filter>
    </ClCompile>
    <ClCompile Include="cryptopp700\simon.cpp">
      <Filter>crypto700</Filter>
    </ClCompile>
    <ClCompile Include="cryptopp700\simple.cpp">
      <Filter>crypto700</Filter>
    </ClCompile>
    <ClCompile Include="cryptopp700\skipjack.cpp">
      <Filter>crypto700</Filter>
    </ClCompile>
    <ClCompile Include="cryptopp700\sm3.cpp">
      <Filter>crypto700</Filter>
    </ClCompile>
    <ClCompile Include="cryptopp700\sm4.cpp">
      <Filter>crypto700</Filter>
    </ClCompile>
    <ClCompile Include="cryptopp700\socketft.cpp">
      <Filter>crypto700</Filter>
    </ClCompile>
    <ClCompile Include="cryptopp700\sosemanuk.cpp">
      <Filter>crypto700</Filter>
    </ClCompile>
    <ClCompile Include="cryptopp700\speck-simd.cpp">
      <Filter>crypto700</Filter>
    </ClCompile>
    <ClCompile Include="cryptopp700\speck.cpp">
      <Filter>crypto700</Filter>
    </ClCompile>
    <ClCompile Include="cryptopp700\square.cpp">
      <Filter>crypto700</Filter>
    </ClCompile>
    <ClCompile Include="cryptopp700\squaretb.cpp">
      <Filter>crypto700</Filter>
    </ClCompile>
    <ClCompile Include="cryptopp700\sse-simd.cpp">
      <Filter>crypto700</Filter>
    </ClCompile>
    <ClCompile Include="cryptopp700\strciphr.cpp">
      <Filter>crypto700</Filter>
    </ClCompile>
    <ClCompile Include="cryptopp700\tea.cpp">
      <Filter>crypto700</Filter>
    </ClCompile>
    <ClCompile Include="cryptopp700\test.cpp">
      <Filter>crypto700</Filter>
    </ClCompile>
    <ClCompile Include="cryptopp700\tftables.cpp">
      <Filter>crypto700</Filter>
    </ClCompile>
    <ClCompile Include="cryptopp700\threefish.cpp">
      <Filter>crypto700</Filter>
    </ClCompile>
    <ClCompile Include="cryptopp700\tiger.cpp">
      <Filter>crypto700</Filter>
    </ClCompile>
    <ClCompile Include="cryptopp700\tigertab.cpp">
      <Filter>crypto700</Filter>
    </ClCompile>
    <ClCompile Include="cryptopp700\trdlocal.cpp">
      <Filter>crypto700</Filter>
    </ClCompile>
    <ClCompile Include="cryptopp700\ttmac.cpp">
      <Filter>crypto700</Filter>
    </ClCompile>
    <ClCompile Include="cryptopp700\tweetnacl.cpp">
      <Filter>crypto700</Filter>
    </ClCompile>
    <ClCompile Include="cryptopp700\twofish.cpp">
      <Filter>crypto700</Filter>
    </ClCompile>
    <ClCompile Include="cryptopp700\validat0.cpp">
      <Filter>crypto700</Filter>
    </ClCompile>
    <ClCompile Include="cryptopp700\validat1.cpp">
      <Filter>crypto700</Filter>
    </ClCompile>
    <ClCompile Include="cryptopp700\validat2.cpp">
      <Filter>crypto700</Filter>
    </ClCompile>
    <ClCompile Include="cryptopp700\validat3.cpp">
      <Filter>crypto700</Filter>
    </ClCompile>
    <ClCompile Include="cryptopp700\validat4.cpp">
      <Filter>crypto700</Filter>
    </ClCompile>
    <ClCompile Include="cryptopp700\vmac.cpp">
      <Filter>crypto700</Filter>
    </ClCompile>
    <ClCompile Include="cryptopp700\wait.cpp">
      <Filter>crypto700</Filter>
    </ClCompile>
    <ClCompile Include="cryptopp700\wake.cpp">
      <Filter>crypto700</Filter>
    </ClCompile>
    <ClCompile Include="cryptopp700\whrlpool.cpp">
      <Filter>crypto700</Filter>
    </ClCompile>
    <ClCompile Include="cryptopp700\winpipes.cpp">
      <Filter>crypto700</Filter>
    </ClCompile>
    <ClCompile Include="cryptopp700\xtr.cpp">
      <Filter>crypto700</Filter>
    </ClCompile>
    <ClCompile Include="cryptopp700\xtrcrypt.cpp">
      <Filter>crypto700</Filter>
    </ClCompile>
    <ClCompile Include="cryptopp700\zdeflate.cpp">
      <Filter>crypto700</Filter>
    </ClCompile>
    <ClCompile Include="cryptopp700\zinflate.cpp">
      <Filter>crypto700</Filter>
    </ClCompile>
    <ClCompile Include="cryptopp700\zlib.cpp">
      <Filter>crypto700</Filter>
    </ClCompile>
    <ClCompile Include="merkleTree.cpp">
      <Filter>transactionTrie</Filter>
    </ClCompile>
    <ClCompile Include="transactionList.cpp">
      <Filter>block</Filter>
    </ClCompile>
    <ClCompile Include="block.cpp">
      <Filter>block</Filter>
    </ClCompile>
    <ClCompile Include="blockheader.cpp">
      <Filter>block</Filter>
    </ClCompile>
  </ItemGroup>
  <ItemGroup>
    <ResourceCompile Include="cryptopp700\cryptopp.rc">
      <Filter>crypto700</Filter>
    </ResourceCompile>
  </ItemGroup>
  <ItemGroup>
    <None Include="cryptopp700\rdrand.asm">
      <Filter>crypto700</Filter>
    </None>
    <None Include="cryptopp700\x64dll.asm">
      <Filter>crypto700</Filter>
    </None>
    <None Include="cryptopp700\x64masm.asm">
      <Filter>crypto700</Filter>
    </None>
  </ItemGroup>
</Project>